// !$*UTF8*$!
{
	archiveVersion = 1;
	classes = {
	};
	objectVersion = 46;
	objects = {

/* Begin PBXBuildFile section */
		CED2118828808ADE0088672D /* AppDelegate.swift in Sources */ = {isa = PBXBuildFile; fileRef = CED2118728808ADE0088672D /* AppDelegate.swift */; };
		CED2118A28808ADE0088672D /* ViewController.swift in Sources */ = {isa = PBXBuildFile; fileRef = CED2118928808ADE0088672D /* ViewController.swift */; };
		CED2118D28808ADE0088672D /* Main.storyboard in Resources */ = {isa = PBXBuildFile; fileRef = CED2118B28808ADE0088672D /* Main.storyboard */; };
		CED2118F28808ADE0088672D /* Assets.xcassets in Resources */ = {isa = PBXBuildFile; fileRef = CED2118E28808ADE0088672D /* Assets.xcassets */; };
		CED2119228808ADE0088672D /* LaunchScreen.storyboard in Resources */ = {isa = PBXBuildFile; fileRef = CED2119028808ADE0088672D /* LaunchScreen.storyboard */; };
		CED2119A28808B860088672D /* Directions.geojson in Resources */ = {isa = PBXBuildFile; fileRef = CED2119928808B040088672D /* Directions.geojson */; };
/* End PBXBuildFile section */

/* Begin PBXFileReference section */
		CED2118428808ADE0088672D /* VkTest.app */ = {isa = PBXFileReference; explicitFileType = wrapper.application; includeInIndex = 0; path = VkTest.app; sourceTree = BUILT_PRODUCTS_DIR; };
		CED2118728808ADE0088672D /* AppDelegate.swift */ = {isa = PBXFileReference; lastKnownFileType = sourcecode.swift; path = AppDelegate.swift; sourceTree = "<group>"; };
		CED2118928808ADE0088672D /* ViewController.swift */ = {isa = PBXFileReference; lastKnownFileType = sourcecode.swift; path = ViewController.swift; sourceTree = "<group>"; };
		CED2118C28808ADE0088672D /* Base */ = {isa = PBXFileReference; lastKnownFileType = file.storyboard; name = Base; path = Base.lproj/Main.storyboard; sourceTree = "<group>"; };
		CED2118E28808ADE0088672D /* Assets.xcassets */ = {isa = PBXFileReference; lastKnownFileType = folder.assetcatalog; path = Assets.xcassets; sourceTree = "<group>"; };
		CED2119128808ADE0088672D /* Base */ = {isa = PBXFileReference; lastKnownFileType = file.storyboard; name = Base; path = Base.lproj/LaunchScreen.storyboard; sourceTree = "<group>"; };
		CED2119328808ADE0088672D /* Info.plist */ = {isa = PBXFileReference; lastKnownFileType = text.plist.xml; path = Info.plist; sourceTree = "<group>"; };
		CED2119928808B040088672D /* Directions.geojson */ = {isa = PBXFileReference; lastKnownFileType = text; path = Directions.geojson; sourceTree = "<group>"; };
/* End PBXFileReference section */

/* Begin PBXFrameworksBuildPhase section */
		CED2118128808ADE0088672D /* Frameworks */ = {
			isa = PBXFrameworksBuildPhase;
			buildActionMask = 2147483647;
			files = (
			);
			runOnlyForDeploymentPostprocessing = 0;
		};
/* End PBXFrameworksBuildPhase section */

/* Begin PBXGroup section */
		CED2117B28808ADD0088672D = {
			isa = PBXGroup;
			children = (
				CED2118628808ADE0088672D /* VkTest */,
				CED2118528808ADE0088672D /* Products */,
			);
			sourceTree = "<group>";
		};
		CED2118528808ADE0088672D /* Products */ = {
			isa = PBXGroup;
			children = (
				CED2118428808ADE0088672D /* VkTest.app */,
			);
			name = Products;
			sourceTree = "<group>";
		};
		CED2118628808ADE0088672D /* VkTest */ = {
			isa = PBXGroup;
			children = (
				CED2118728808ADE0088672D /* AppDelegate.swift */,
				CED2118928808ADE0088672D /* ViewController.swift */,
				CED2118B28808ADE0088672D /* Main.storyboard */,
				CED2118E28808ADE0088672D /* Assets.xcassets */,
				CED2119028808ADE0088672D /* LaunchScreen.storyboard */,
				CED2119328808ADE0088672D /* Info.plist */,
				CED2119928808B040088672D /* Directions.geojson */,
			);
			path = VkTest;
			sourceTree = "<group>";
		};
/* End PBXGroup section */

/* Begin PBXNativeTarget section */
		CED2118328808ADE0088672D /* VkTest */ = {
			isa = PBXNativeTarget;
			buildConfigurationList = CED2119628808ADE0088672D /* Build configuration list for PBXNativeTarget "VkTest" */;
			buildPhases = (
				CED2118028808ADE0088672D /* Sources */,
				CED2118128808ADE0088672D /* Frameworks */,
				CED2118228808ADE0088672D /* Resources */,
			);
			buildRules = (
			);
			dependencies = (
			);
			name = VkTest;
			productName = VkTest;
			productReference = CED2118428808ADE0088672D /* VkTest.app */;
			productType = "com.apple.product-type.application";
		};
/* End PBXNativeTarget section */

/* Begin PBXProject section */
		CED2117C28808ADD0088672D /* Project object */ = {
			isa = PBXProject;
			attributes = {
				LastSwiftUpdateCheck = 0730;
				LastUpgradeCheck = 0730;
				ORGANIZATIONNAME = "Yuliya Kungurova";
				TargetAttributes = {
					CED2118328808ADE0088672D = {
						CreatedOnToolsVersion = 7.3.1;
					};
				};
			};
			buildConfigurationList = CED2117F28808ADD0088672D /* Build configuration list for PBXProject "VkTest" */;
			compatibilityVersion = "Xcode 3.2";
			developmentRegion = English;
			hasScannedForEncodings = 0;
			knownRegions = (
				en,
				Base,
			);
			mainGroup = CED2117B28808ADD0088672D;
			productRefGroup = CED2118528808ADE0088672D /* Products */;
			projectDirPath = "";
			projectRoot = "";
			targets = (
				CED2118328808ADE0088672D /* VkTest */,
			);
		};
/* End PBXProject section */

/* Begin PBXResourcesBuildPhase section */
		CED2118228808ADE0088672D /* Resources */ = {
			isa = PBXResourcesBuildPhase;
			buildActionMask = 2147483647;
			files = (
				CED2119A28808B860088672D /* Directions.geojson in Resources */,
				CED2119228808ADE0088672D /* LaunchScreen.storyboard in Resources */,
				CED2118F28808ADE0088672D /* Assets.xcassets in Resources */,
				CED2118D28808ADE0088672D /* Main.storyboard in Resources */,
			);
			runOnlyForDeploymentPostprocessing = 0;
		};
/* End PBXResourcesBuildPhase section */

/* Begin PBXSourcesBuildPhase section */
		CED2118028808ADE0088672D /* Sources */ = {
			isa = PBXSourcesBuildPhase;
			buildActionMask = 2147483647;
			files = (
				CED2118A28808ADE0088672D /* ViewController.swift in Sources */,
				CED2118828808ADE0088672D /* AppDelegate.swift in Sources */,
			);
			runOnlyForDeploymentPostprocessing = 0;
		};
/* End PBXSourcesBuildPhase section */

/* Begin PBXVariantGroup section */
		CED2118B28808ADE0088672D /* Main.storyboard */ = {
			isa = PBXVariantGroup;
			children = (
				CED2118C28808ADE0088672D /* Base */,
			);
			name = Main.storyboard;
			sourceTree = "<group>";
		};
		CED2119028808ADE0088672D /* LaunchScreen.storyboard */ = {
			isa = PBXVariantGroup;
			children = (
				CED2119128808ADE0088672D /* Base */,
			);
			name = LaunchScreen.storyboard;
			sourceTree = "<group>";
		};
/* End PBXVariantGroup section */

/* Begin XCBuildConfiguration section */
		CED2119428808ADE0088672D /* Debug */ = {
			isa = XCBuildConfiguration;
			buildSettings = {
				ALWAYS_SEARCH_USER_PATHS = NO;
				CLANG_ANALYZER_NONNULL = YES;
				CLANG_CXX_LANGUAGE_STANDARD = "gnu++0x";
				CLANG_CXX_LIBRARY = "libc++";
				CLANG_ENABLE_MODULES = YES;
				CLANG_ENABLE_OBJC_ARC = YES;
				CLANG_WARN_BOOL_CONVERSION = YES;
				CLANG_WARN_CONSTANT_CONVERSION = YES;
				CLANG_WARN_DIRECT_OBJC_ISA_USAGE = YES_ERROR;
				CLANG_WARN_EMPTY_BODY = YES;
				CLANG_WARN_ENUM_CONVERSION = YES;
				CLANG_WARN_INT_CONVERSION = YES;
				CLANG_WARN_OBJC_ROOT_CLASS = YES_ERROR;
				CLANG_WARN_UNREACHABLE_CODE = YES;
				CLANG_WARN__DUPLICATE_METHOD_MATCH = YES;
				"CODE_SIGN_IDENTITY[sdk=iphoneos*]" = "iPhone Developer";
				COPY_PHASE_STRIP = NO;
				DEBUG_INFORMATION_FORMAT = dwarf;
				ENABLE_STRICT_OBJC_MSGSEND = YES;
				ENABLE_TESTABILITY = YES;
				GCC_C_LANGUAGE_STANDARD = gnu99;
				GCC_DYNAMIC_NO_PIC = NO;
				GCC_NO_COMMON_BLOCKS = YES;
				GCC_OPTIMIZATION_LEVEL = 0;
				GCC_PREPROCESSOR_DEFINITIONS = (
					"DEBUG=1",
					"$(inherited)",
				);
				GCC_WARN_64_TO_32_BIT_CONVERSION = YES;
				GCC_WARN_ABOUT_RETURN_TYPE = YES_ERROR;
				GCC_WARN_UNDECLARED_SELECTOR = YES;
				GCC_WARN_UNINITIALIZED_AUTOS = YES_AGGRESSIVE;
				GCC_WARN_UNUSED_FUNCTION = YES;
				GCC_WARN_UNUSED_VARIABLE = YES;
				IPHONEOS_DEPLOYMENT_TARGET = 9.3;
				MTL_ENABLE_DEBUG_INFO = YES;
				ONLY_ACTIVE_ARCH = YES;
				SDKROOT = iphoneos;
				SWIFT_OPTIMIZATION_LEVEL = "-Onone";
			};
			name = Debug;
		};
		CED2119528808ADE0088672D /* Release */ = {
			isa = XCBuildConfiguration;
			buildSettings = {
				ALWAYS_SEARCH_USER_PATHS = NO;
				CLANG_ANALYZER_NONNULL = YES;
				CLANG_CXX_LANGUAGE_STANDARD = "gnu++0x";
				CLANG_CXX_LIBRARY = "libc++";
				CLANG_ENABLE_MODULES = YES;
				CLANG_ENABLE_OBJC_ARC = YES;
				CLANG_WARN_BOOL_CONVERSION = YES;
				CLANG_WARN_CONSTANT_CONVERSION = YES;
				CLANG_WARN_DIRECT_OBJC_ISA_USAGE = YES_ERROR;
				CLANG_WARN_EMPTY_BODY = YES;
				CLANG_WARN_ENUM_CONVERSION = YES;
				CLANG_WARN_INT_CONVERSION = YES;
				CLANG_WARN_OBJC_ROOT_CLASS = YES_ERROR;
				CLANG_WARN_UNREACHABLE_CODE = YES;
				CLANG_WARN__DUPLICATE_METHOD_MATCH = YES;
				"CODE_SIGN_IDENTITY[sdk=iphoneos*]" = "iPhone Developer";
				COPY_PHASE_STRIP = NO;
				DEBUG_INFORMATION_FORMAT = "dwarf-with-dsym";
				ENABLE_NS_ASSERTIONS = NO;
				ENABLE_STRICT_OBJC_MSGSEND = YES;
				GCC_C_LANGUAGE_STANDARD = gnu99;
				GCC_NO_COMMON_BLOCKS = YES;
				GCC_WARN_64_TO_32_BIT_CONVERSION = YES;
				GCC_WARN_ABOUT_RETURN_TYPE = YES_ERROR;
				GCC_WARN_UNDECLARED_SELECTOR = YES;
				GCC_WARN_UNINITIALIZED_AUTOS = YES_AGGRESSIVE;
				GCC_WARN_UNUSED_FUNCTION = YES;
				GCC_WARN_UNUSED_VARIABLE = YES;
				IPHONEOS_DEPLOYMENT_TARGET = 9.3;
				MTL_ENABLE_DEBUG_INFO = NO;
				SDKROOT = iphoneos;
				VALIDATE_PRODUCT = YES;
			};
			name = Release;
		};
		CED2119728808ADE0088672D /* Debug */ = {
			isa = XCBuildConfiguration;
			buildSettings = {
				ASSETCATALOG_COMPILER_APPICON_NAME = AppIcon;
				INFOPLIST_FILE = VkTest/Info.plist;
				LD_RUNPATH_SEARCH_PATHS = "$(inherited) @executable_path/Frameworks";
				PRODUCT_BUNDLE_IDENTIFIER = HelloWorld.VkTest;
				PRODUCT_NAME = "$(TARGET_NAME)";
			};
			name = Debug;
		};
		CED2119828808ADE0088672D /* Release */ = {
			isa = XCBuildConfiguration;
			buildSettings = {
				ASSETCATALOG_COMPILER_APPICON_NAME = AppIcon;
				INFOPLIST_FILE = VkTest/Info.plist;
				LD_RUNPATH_SEARCH_PATHS = "$(inherited) @executable_path/Frameworks";
				PRODUCT_BUNDLE_IDENTIFIER = HelloWorld.VkTest;
				PRODUCT_NAME = "$(TARGET_NAME)";
			};
			name = Release;
		};
/* End XCBuildConfiguration section */

/* Begin XCConfigurationList section */
		CED2117F28808ADD0088672D /* Build configuration list for PBXProject "VkTest" */ = {
			isa = XCConfigurationList;
			buildConfigurations = (
				CED2119428808ADE0088672D /* Debug */,
				CED2119528808ADE0088672D /* Release */,
			);
			defaultConfigurationIsVisible = 0;
			defaultConfigurationName = Release;
		};
		CED2119628808ADE0088672D /* Build configuration list for PBXNativeTarget "VkTest" */ = {
			isa = XCConfigurationList;
			buildConfigurations = (
				CED2119728808ADE0088672D /* Debug */,
				CED2119828808ADE0088672D /* Release */,
			);
			defaultConfigurationIsVisible = 0;
		};
/* End XCConfigurationList section */
	};
	rootObject = CED2117C28808ADD0088672D /* Project object */;
}
